# vx.lock - Auto-generated, do not edit manually
# Generated by vx 0.8.15

version = 2

[metadata]
generated_at = "2026-05-07T13:38:40Z"
vx_version = "0.8.15"
platform = "x86_64-pc-windows-msvc"

[tools.just]
version = "1.48.1"
source = "generic"
resolved_from = "1.48.1"
ecosystem = "generic"
download_url = "https://github.com/casey/just/releases/download/1.48.1/just-1.48.1-x86_64-pc-windows-msvc.zip"

[tools.rust]
version = "1.95.0"
source = "provider"
resolved_from = "1.95.0"
ecosystem = "generic"
download_url = "https://static.rust-lang.org/rustup/dist/aarch64-apple-darwin/rustup-init"

[tools.rust.platform_urls]
darwin-arm64 = "https://static.rust-lang.org/rustup/dist/aarch64-apple-darwin/rustup-init"
darwin-x64 = "https://static.rust-lang.org/rustup/dist/aarch64-apple-darwin/rustup-init"
linux-arm64 = "https://static.rust-lang.org/rustup/dist/aarch64-apple-darwin/rustup-init"
linux-x64 = "https://static.rust-lang.org/rustup/dist/aarch64-apple-darwin/rustup-init"
windows-arm64 = "https://static.rust-lang.org/rustup/dist/aarch64-apple-darwin/rustup-init"
windows-x64 = "https://static.rust-lang.org/rustup/dist/aarch64-apple-darwin/rustup-init"
